
Microsoft Visual Studio Solution File, Format Version 12.00
# Visual Studio Version 16
VisualStudioVersion = 16.0.29409.12
MinimumVisualStudioVersion = 10.0.40219.1
Project("{FAE04EC0-301F-11D3-BF4B-00C04F79EFBC}") = "WindowsFormsApp2", "WindowsFormsApp2\WindowsFormsApp2.csproj", "{F8B89295-937C-4CDA-9983-8489D1F58AC3}"
EndProject
Project("{FAE04EC0-301F-11D3-BF4B-00C04F79EFBC}") = "WindowsFormsApp3", "WindowsFormsApp3\WindowsFormsApp3.csproj", "{8BB2FDB8-1048-4255-A085-5CE937495237}"
EndProject
Global
	GlobalSection(SolutionConfigurationPlatforms) = preSolution
		Debug|Any CPU = Debug|Any CPU
		Release|Any CPU = Release|Any CPU
	EndGlobalSection
	GlobalSection(ProjectConfigurationPlatforms) = postSolution
		{F8B89295-937C-4CDA-9983-8489D1F58AC3}.Debug|Any CPU.ActiveCfg = Debug|Any CPU
		{F8B89295-937C-4CDA-9983-8489D1F58AC3}.Debug|Any CPU.Build.0 = Debug|Any CPU
		{F8B89295-937C-4CDA-9983-8489D1F58AC3}.Release|Any CPU.ActiveCfg = Release|Any CPU
		{F8B89295-937C-4CDA-9983-8489D1F58AC3}.Release|Any CPU.Build.0 = Release|Any CPU
		{8BB2FDB8-1048-4255-A085-5CE937495237}.Debug|Any CPU.ActiveCfg = Debug|Any CPU
		{8BB2FDB8-1048-4255-A085-5CE937495237}.Debug|Any CPU.Build.0 = Debug|Any CPU
		{8BB2FDB8-1048-4255-A085-5CE937495237}.Release|Any CPU.ActiveCfg = Release|Any CPU
		{8BB2FDB8-1048-4255-A085-5CE937495237}.Release|Any CPU.Build.0 = Release|Any CPU
	EndGlobalSection
	GlobalSection(SolutionProperties) = preSolution
		HideSolutionNode = FALSE
	EndGlobalSection
	GlobalSection(ExtensibilityGlobals) = postSolution
		SolutionGuid = {47FB51CD-58BE-430D-BF56-B4C30D03ABF5}
	EndGlobalSection
EndGlobal
